
Microsoft Visual Studio Solution File, Format Version 12.00
# Visual Studio Version 17
VisualStudioVersion = 17.0.32112.339
MinimumVisualStudioVersion = 10.0.40219.1
Project("{FAE04EC0-301F-11D3-BF4B-00C04F79EFBC}") = "BlazorWorkingTime", "BlazorWorkingTime\BlazorWorkingTime.csproj", "{2CEDF27B-37EF-4F21-A536-49D85F60F826}"
EndProject
Global
	GlobalSection(SolutionConfigurationPlatforms) = preSolution
		Debug|Any CPU = Debug|Any CPU
		Release|Any CPU = Release|Any CPU
	EndGlobalSection
	GlobalSection(ProjectConfigurationPlatforms) = postSolution
		{2CEDF27B-37EF-4F21-A536-49D85F60F826}.Debug|Any CPU.ActiveCfg = Debug|Any CPU
		{2CEDF27B-37EF-4F21-A536-49D85F60F826}.Debug|Any CPU.Build.0 = Debug|Any CPU
		{2CEDF27B-37EF-4F21-A536-49D85F60F826}.Release|Any CPU.ActiveCfg = Release|Any CPU
		{2CEDF27B-37EF-4F21-A536-49D85F60F826}.Release|Any CPU.Build.0 = Release|Any CPU
	EndGlobalSection
	GlobalSection(SolutionProperties) = preSolution
		HideSolutionNode = FALSE
	EndGlobalSection
	GlobalSection(ExtensibilityGlobals) = postSolution
		SolutionGuid = {B370FEDF-3590-4D0A-9F56-273D4A527D91}
	EndGlobalSection
EndGlobal
